
Microsoft Visual Studio Solution File, Format Version 12.00
# Visual Studio Version 17
VisualStudioVersion = 17.1.32421.90
MinimumVisualStudioVersion = 10.0.40219.1
Project("{FAE04EC0-301F-11D3-BF4B-00C04F79EFBC}") = "ProjetoAulaBackEnd", "ProjetoAulaBackEnd\ProjetoAulaBackEnd.csproj", "{F4495FA1-F8B5-4E08-88FC-E5E4D8A6375C}"
EndProject
Global
	GlobalSection(SolutionConfigurationPlatforms) = preSolution
		Debug|Any CPU = Debug|Any CPU
		Release|Any CPU = Release|Any CPU
	EndGlobalSection
	GlobalSection(ProjectConfigurationPlatforms) = postSolution
		{F4495FA1-F8B5-4E08-88FC-E5E4D8A6375C}.Debug|Any CPU.ActiveCfg = Debug|Any CPU
		{F4495FA1-F8B5-4E08-88FC-E5E4D8A6375C}.Debug|Any CPU.Build.0 = Debug|Any CPU
		{F4495FA1-F8B5-4E08-88FC-E5E4D8A6375C}.Release|Any CPU.ActiveCfg = Release|Any CPU
		{F4495FA1-F8B5-4E08-88FC-E5E4D8A6375C}.Release|Any CPU.Build.0 = Release|Any CPU
	EndGlobalSection
	GlobalSection(SolutionProperties) = preSolution
		HideSolutionNode = FALSE
	EndGlobalSection
	GlobalSection(ExtensibilityGlobals) = postSolution
		SolutionGuid = {DDFBD1CE-1BCE-41B2-9012-43A71DEBB8F7}
	EndGlobalSection
EndGlobal
